// !$*UTF8*$!
{
	archiveVersion = 1;
	classes = {
	};
	objectVersion = 56;
	objects = {

/* Begin PBXBuildFile section */
		502F0B4828E780E8009CE053 /* KituraContracts.framework in Frameworks */ = {isa = PBXBuildFile; fileRef = 502F0B3F28E780E8009CE053 /* KituraContracts.framework */; };
		502F0B4E28E780E8009CE053 /* KituraContracts.h in Headers */ = {isa = PBXBuildFile; fileRef = 502F0B4228E780E8009CE053 /* KituraContracts.h */; settings = {ATTRIBUTES = (Public, ); }; };
		502F0B6328E7811E009CE053 /* ClosureAliases.swift in Sources */ = {isa = PBXBuildFile; fileRef = 502F0B5928E7811E009CE053 /* ClosureAliases.swift */; };
		502F0B6428E7811E009CE053 /* Extensions.swift in Sources */ = {isa = PBXBuildFile; fileRef = 502F0B5B28E7811E009CE053 /* Extensions.swift */; };
		502F0B6528E7811E009CE053 /* QueryDecoder.swift in Sources */ = {isa = PBXBuildFile; fileRef = 502F0B5C28E7811E009CE053 /* QueryDecoder.swift */; };
		502F0B6628E7811E009CE053 /* Coder.swift in Sources */ = {isa = PBXBuildFile; fileRef = 502F0B5D28E7811E009CE053 /* Coder.swift */; };
		502F0B6728E7811E009CE053 /* QueryEncoder.swift in Sources */ = {isa = PBXBuildFile; fileRef = 502F0B5E28E7811E009CE053 /* QueryEncoder.swift */; };
		502F0B6828E7811E009CE053 /* Contracts.swift in Sources */ = {isa = PBXBuildFile; fileRef = 502F0B5F28E7811E009CE053 /* Contracts.swift */; };
		502F0B6928E7811E009CE053 /* BodyDecoder.swift in Sources */ = {isa = PBXBuildFile; fileRef = 502F0B6028E7811E009CE053 /* BodyDecoder.swift */; };
		502F0B6A28E7811E009CE053 /* BodyFormat.swift in Sources */ = {isa = PBXBuildFile; fileRef = 502F0B6128E7811E009CE053 /* BodyFormat.swift */; };
		502F0B6B28E7811E009CE053 /* BodyEncoder.swift in Sources */ = {isa = PBXBuildFile; fileRef = 502F0B6228E7811E009CE053 /* BodyEncoder.swift */; };
		502F0B7828E78143009CE053 /* StringExtensionTests.swift in Sources */ = {isa = PBXBuildFile; fileRef = 502F0B7328E78142009CE053 /* StringExtensionTests.swift */; };
		502F0B7928E78143009CE053 /* QueryCoderTests.swift in Sources */ = {isa = PBXBuildFile; fileRef = 502F0B7428E78142009CE053 /* QueryCoderTests.swift */; };
		502F0B7A28E78143009CE053 /* Models.swift in Sources */ = {isa = PBXBuildFile; fileRef = 502F0B7528E78142009CE053 /* Models.swift */; };
		502F0B7B28E78143009CE053 /* KituraContractsTests.swift in Sources */ = {isa = PBXBuildFile; fileRef = 502F0B7628E78142009CE053 /* KituraContractsTests.swift */; };
		502F0B7F28E78339009CE053 /* LoggerAPI in Frameworks */ = {isa = PBXBuildFile; productRef = 502F0B7E28E78339009CE053 /* LoggerAPI */; };
		502F0B8D28E78433009CE053 /* KituraContracts.framework in Frameworks */ = {isa = PBXBuildFile; fileRef = 502F0B8528E78433009CE053 /* KituraContracts.framework */; };
		502F0B9328E78433009CE053 /* KituraContracts_iOS.h in Headers */ = {isa = PBXBuildFile; fileRef = 502F0B8728E78433009CE053 /* KituraContracts_iOS.h */; settings = {ATTRIBUTES = (Public, ); }; };
		502F0B9B28E784D0009CE053 /* StringExtensionTests.swift in Sources */ = {isa = PBXBuildFile; fileRef = 502F0B7328E78142009CE053 /* StringExtensionTests.swift */; };
		502F0B9C28E784D2009CE053 /* QueryCoderTests.swift in Sources */ = {isa = PBXBuildFile; fileRef = 502F0B7428E78142009CE053 /* QueryCoderTests.swift */; };
		502F0B9D28E784D4009CE053 /* Models.swift in Sources */ = {isa = PBXBuildFile; fileRef = 502F0B7528E78142009CE053 /* Models.swift */; };
		502F0B9E28E784D7009CE053 /* KituraContractsTests.swift in Sources */ = {isa = PBXBuildFile; fileRef = 502F0B7628E78142009CE053 /* KituraContractsTests.swift */; };
		502F0B9F28E784EF009CE053 /* Extensions.swift in Sources */ = {isa = PBXBuildFile; fileRef = 502F0B5B28E7811E009CE053 /* Extensions.swift */; };
		502F0BA028E784EF009CE053 /* QueryDecoder.swift in Sources */ = {isa = PBXBuildFile; fileRef = 502F0B5C28E7811E009CE053 /* QueryDecoder.swift */; };
		502F0BA128E784EF009CE053 /* Coder.swift in Sources */ = {isa = PBXBuildFile; fileRef = 502F0B5D28E7811E009CE053 /* Coder.swift */; };
		502F0BA228E784EF009CE053 /* QueryEncoder.swift in Sources */ = {isa = PBXBuildFile; fileRef = 502F0B5E28E7811E009CE053 /* QueryEncoder.swift */; };
		502F0BA328E784EF009CE053 /* BodyDecoder.swift in Sources */ = {isa = PBXBuildFile; fileRef = 502F0B6028E7811E009CE053 /* BodyDecoder.swift */; };
		502F0BA428E784EF009CE053 /* BodyFormat.swift in Sources */ = {isa = PBXBuildFile; fileRef = 502F0B6128E7811E009CE053 /* BodyFormat.swift */; };
		502F0BA528E784EF009CE053 /* BodyEncoder.swift in Sources */ = {isa = PBXBuildFile; fileRef = 502F0B6228E7811E009CE053 /* BodyEncoder.swift */; };
		502F0BA628E784EF009CE053 /* ClosureAliases.swift in Sources */ = {isa = PBXBuildFile; fileRef = 502F0B5928E7811E009CE053 /* ClosureAliases.swift */; };
		502F0BA728E784EF009CE053 /* Contracts.swift in Sources */ = {isa = PBXBuildFile; fileRef = 502F0B5F28E7811E009CE053 /* Contracts.swift */; };
		502F0BAC28E788CF009CE053 /* LoggerAPI in Frameworks */ = {isa = PBXBuildFile; productRef = 502F0BAB28E788CF009CE053 /* LoggerAPI */; };
/* End PBXBuildFile section */

/* Begin PBXContainerItemProxy section */
		502F0B4928E780E8009CE053 /* PBXContainerItemProxy */ = {
			isa = PBXContainerItemProxy;
			containerPortal = 502F0B3628E780E8009CE053 /* Project object */;
			proxyType = 1;
			remoteGlobalIDString = 502F0B3E28E780E8009CE053;
			remoteInfo = KituraContracts;
		};
		502F0B8E28E78433009CE053 /* PBXContainerItemProxy */ = {
			isa = PBXContainerItemProxy;
			containerPortal = 502F0B3628E780E8009CE053 /* Project object */;
			proxyType = 1;
			remoteGlobalIDString = 502F0B8428E78433009CE053;
			remoteInfo = "KituraContracts-iOS";
		};
/* End PBXContainerItemProxy section */

/* Begin PBXFileReference section */
		502F0B3F28E780E8009CE053 /* KituraContracts.framework */ = {isa = PBXFileReference; explicitFileType = wrapper.framework; includeInIndex = 0; path = KituraContracts.framework; sourceTree = BUILT_PRODUCTS_DIR; };
		502F0B4228E780E8009CE053 /* KituraContracts.h */ = {isa = PBXFileReference; lastKnownFileType = sourcecode.c.h; path = KituraContracts.h; sourceTree = "<group>"; };
		502F0B4728E780E8009CE053 /* KituraContractsTests.xctest */ = {isa = PBXFileReference; explicitFileType = wrapper.cfbundle; includeInIndex = 0; path = KituraContractsTests.xctest; sourceTree = BUILT_PRODUCTS_DIR; };
		502F0B5928E7811E009CE053 /* ClosureAliases.swift */ = {isa = PBXFileReference; fileEncoding = 4; lastKnownFileType = sourcecode.swift; path = ClosureAliases.swift; sourceTree = "<group>"; };
		502F0B5B28E7811E009CE053 /* Extensions.swift */ = {isa = PBXFileReference; fileEncoding = 4; lastKnownFileType = sourcecode.swift; path = Extensions.swift; sourceTree = "<group>"; };
		502F0B5C28E7811E009CE053 /* QueryDecoder.swift */ = {isa = PBXFileReference; fileEncoding = 4; lastKnownFileType = sourcecode.swift; path = QueryDecoder.swift; sourceTree = "<group>"; };
		502F0B5D28E7811E009CE053 /* Coder.swift */ = {isa = PBXFileReference; fileEncoding = 4; lastKnownFileType = sourcecode.swift; path = Coder.swift; sourceTree = "<group>"; };
		502F0B5E28E7811E009CE053 /* QueryEncoder.swift */ = {isa = PBXFileReference; fileEncoding = 4; lastKnownFileType = sourcecode.swift; path = QueryEncoder.swift; sourceTree = "<group>"; };
		502F0B5F28E7811E009CE053 /* Contracts.swift */ = {isa = PBXFileReference; fileEncoding = 4; lastKnownFileType = sourcecode.swift; path = Contracts.swift; sourceTree = "<group>"; };
		502F0B6028E7811E009CE053 /* BodyDecoder.swift */ = {isa = PBXFileReference; fileEncoding = 4; lastKnownFileType = sourcecode.swift; path = BodyDecoder.swift; sourceTree = "<group>"; };
		502F0B6128E7811E009CE053 /* BodyFormat.swift */ = {isa = PBXFileReference; fileEncoding = 4; lastKnownFileType = sourcecode.swift; path = BodyFormat.swift; sourceTree = "<group>"; };
		502F0B6228E7811E009CE053 /* BodyEncoder.swift */ = {isa = PBXFileReference; fileEncoding = 4; lastKnownFileType = sourcecode.swift; path = BodyEncoder.swift; sourceTree = "<group>"; };
		502F0B6C28E78130009CE053 /* KituraContracts.podspec */ = {isa = PBXFileReference; lastKnownFileType = text; path = KituraContracts.podspec; sourceTree = "<group>"; };
		502F0B6D28E78130009CE053 /* Package.swift */ = {isa = PBXFileReference; lastKnownFileType = sourcecode.swift; path = Package.swift; sourceTree = "<group>"; };
		502F0B6E28E78130009CE053 /* README.md */ = {isa = PBXFileReference; lastKnownFileType = net.daringfireball.markdown; path = README.md; sourceTree = "<group>"; };
		502F0B6F28E78131009CE053 /* LICENSE */ = {isa = PBXFileReference; lastKnownFileType = text; path = LICENSE; sourceTree = "<group>"; };
		502F0B7128E78142009CE053 /* LinuxMain.swift */ = {isa = PBXFileReference; fileEncoding = 4; lastKnownFileType = sourcecode.swift; path = LinuxMain.swift; sourceTree = "<group>"; };
		502F0B7328E78142009CE053 /* StringExtensionTests.swift */ = {isa = PBXFileReference; fileEncoding = 4; lastKnownFileType = sourcecode.swift; path = StringExtensionTests.swift; sourceTree = "<group>"; };
		502F0B7428E78142009CE053 /* QueryCoderTests.swift */ = {isa = PBXFileReference; fileEncoding = 4; lastKnownFileType = sourcecode.swift; path = QueryCoderTests.swift; sourceTree = "<group>"; };
		502F0B7528E78142009CE053 /* Models.swift */ = {isa = PBXFileReference; fileEncoding = 4; lastKnownFileType = sourcecode.swift; path = Models.swift; sourceTree = "<group>"; };
		502F0B7628E78142009CE053 /* KituraContractsTests.swift */ = {isa = PBXFileReference; fileEncoding = 4; lastKnownFileType = sourcecode.swift; path = KituraContractsTests.swift; sourceTree = "<group>"; };
		502F0B7C28E781E1009CE053 /* KituraContractsTests.xctestplan */ = {isa = PBXFileReference; lastKnownFileType = text; path = KituraContractsTests.xctestplan; sourceTree = "<group>"; };
		502F0B8528E78433009CE053 /* KituraContracts.framework */ = {isa = PBXFileReference; explicitFileType = wrapper.framework; includeInIndex = 0; path = KituraContracts.framework; sourceTree = BUILT_PRODUCTS_DIR; };
		502F0B8728E78433009CE053 /* KituraContracts_iOS.h */ = {isa = PBXFileReference; lastKnownFileType = sourcecode.c.h; path = KituraContracts_iOS.h; sourceTree = "<group>"; };
		502F0B8C28E78433009CE053 /* KituraContracts-iOSTests.xctest */ = {isa = PBXFileReference; explicitFileType = wrapper.cfbundle; includeInIndex = 0; path = "KituraContracts-iOSTests.xctest"; sourceTree = BUILT_PRODUCTS_DIR; };
		502F0B9A28E784AA009CE053 /* KituraContracts-iOSTests.xctestplan */ = {isa = PBXFileReference; lastKnownFileType = file; name = "KituraContracts-iOSTests.xctestplan"; path = "Tests/KituraContracts-iOSTests/KituraContracts-iOSTests.xctestplan"; sourceTree = SOURCE_ROOT; };
		502F0BA828E78701009CE053 /* Info.plist */ = {isa = PBXFileReference; lastKnownFileType = text.plist.xml; path = Info.plist; sourceTree = "<group>"; };
		502F0BA928E78712009CE053 /* Info.plist */ = {isa = PBXFileReference; lastKnownFileType = text.plist.xml; path = Info.plist; sourceTree = "<group>"; };
/* End PBXFileReference section */

/* Begin PBXFrameworksBuildPhase section */
		502F0B3C28E780E8009CE053 /* Frameworks */ = {
			isa = PBXFrameworksBuildPhase;
			buildActionMask = 2147483647;
			files = (
				502F0B7F28E78339009CE053 /* LoggerAPI in Frameworks */,
			);
			runOnlyForDeploymentPostprocessing = 0;
		};
		502F0B4428E780E8009CE053 /* Frameworks */ = {
			isa = PBXFrameworksBuildPhase;
			buildActionMask = 2147483647;
			files = (
				502F0B4828E780E8009CE053 /* KituraContracts.framework in Frameworks */,
			);
			runOnlyForDeploymentPostprocessing = 0;
		};
		502F0B8228E78433009CE053 /* Frameworks */ = {
			isa = PBXFrameworksBuildPhase;
			buildActionMask = 2147483647;
			files = (
				502F0BAC28E788CF009CE053 /* LoggerAPI in Frameworks */,
			);
			runOnlyForDeploymentPostprocessing = 0;
		};
		502F0B8928E78433009CE053 /* Frameworks */ = {
			isa = PBXFrameworksBuildPhase;
			buildActionMask = 2147483647;
			files = (
				502F0B8D28E78433009CE053 /* KituraContracts.framework in Frameworks */,
			);
			runOnlyForDeploymentPostprocessing = 0;
		};
/* End PBXFrameworksBuildPhase section */

/* Begin PBXGroup section */
		502F0B3528E780E8009CE053 = {
			isa = PBXGroup;
			children = (
				502F0B5728E7811E009CE053 /* Sources */,
				502F0B7028E78142009CE053 /* Tests */,
				502F0B4128E780E8009CE053 /* KituraContracts */,
				502F0B8628E78433009CE053 /* KituraContracts-iOS */,
				502F0B6C28E78130009CE053 /* KituraContracts.podspec */,
				502F0B6F28E78131009CE053 /* LICENSE */,
				502F0B6D28E78130009CE053 /* Package.swift */,
				502F0B6E28E78130009CE053 /* README.md */,
				502F0B4028E780E8009CE053 /* Products */,
				502F0BAA28E788CF009CE053 /* Frameworks */,
			);
			sourceTree = "<group>";
		};
		502F0B4028E780E8009CE053 /* Products */ = {
			isa = PBXGroup;
			children = (
				502F0B3F28E780E8009CE053 /* KituraContracts.framework */,
				502F0B4728E780E8009CE053 /* KituraContractsTests.xctest */,
				502F0B8528E78433009CE053 /* KituraContracts.framework */,
				502F0B8C28E78433009CE053 /* KituraContracts-iOSTests.xctest */,
			);
			name = Products;
			sourceTree = "<group>";
		};
		502F0B4128E780E8009CE053 /* KituraContracts */ = {
			isa = PBXGroup;
			children = (
				502F0BA828E78701009CE053 /* Info.plist */,
				502F0B4228E780E8009CE053 /* KituraContracts.h */,
			);
			path = KituraContracts;
			sourceTree = "<group>";
		};
		502F0B5728E7811E009CE053 /* Sources */ = {
			isa = PBXGroup;
			children = (
				502F0B5828E7811E009CE053 /* KituraContracts */,
			);
			path = Sources;
			sourceTree = "<group>";
		};
		502F0B5828E7811E009CE053 /* KituraContracts */ = {
			isa = PBXGroup;
			children = (
				502F0B5A28E7811E009CE053 /* CodableQuery */,
				502F0B6028E7811E009CE053 /* BodyDecoder.swift */,
				502F0B6128E7811E009CE053 /* BodyFormat.swift */,
				502F0B6228E7811E009CE053 /* BodyEncoder.swift */,
				502F0B5928E7811E009CE053 /* ClosureAliases.swift */,
				502F0B5F28E7811E009CE053 /* Contracts.swift */,
			);
			path = KituraContracts;
			sourceTree = "<group>";
		};
		502F0B5A28E7811E009CE053 /* CodableQuery */ = {
			isa = PBXGroup;
			children = (
				502F0B5B28E7811E009CE053 /* Extensions.swift */,
				502F0B5C28E7811E009CE053 /* QueryDecoder.swift */,
				502F0B5D28E7811E009CE053 /* Coder.swift */,
				502F0B5E28E7811E009CE053 /* QueryEncoder.swift */,
			);
			path = CodableQuery;
			sourceTree = "<group>";
		};
		502F0B7028E78142009CE053 /* Tests */ = {
			isa = PBXGroup;
			children = (
				502F0B7128E78142009CE053 /* LinuxMain.swift */,
				502F0B7228E78142009CE053 /* KituraContractsTests */,
				502F0B9028E78433009CE053 /* KituraContracts-iOSTests */,
			);
			path = Tests;
			sourceTree = "<group>";
		};
		502F0B7228E78142009CE053 /* KituraContractsTests */ = {
			isa = PBXGroup;
			children = (
				502F0B7C28E781E1009CE053 /* KituraContractsTests.xctestplan */,
				502F0B7328E78142009CE053 /* StringExtensionTests.swift */,
				502F0B7428E78142009CE053 /* QueryCoderTests.swift */,
				502F0B7528E78142009CE053 /* Models.swift */,
				502F0B7628E78142009CE053 /* KituraContractsTests.swift */,
			);
			path = KituraContractsTests;
			sourceTree = "<group>";
		};
		502F0B8628E78433009CE053 /* KituraContracts-iOS */ = {
			isa = PBXGroup;
			children = (
				502F0BA928E78712009CE053 /* Info.plist */,
				502F0B8728E78433009CE053 /* KituraContracts_iOS.h */,
			);
			path = "KituraContracts-iOS";
			sourceTree = "<group>";
		};
		502F0B9028E78433009CE053 /* KituraContracts-iOSTests */ = {
			isa = PBXGroup;
			children = (
				502F0B9A28E784AA009CE053 /* KituraContracts-iOSTests.xctestplan */,
			);
			path = "KituraContracts-iOSTests";
			sourceTree = "<group>";
		};
		502F0BAA28E788CF009CE053 /* Frameworks */ = {
			isa = PBXGroup;
			children = (
			);
			name = Frameworks;
			sourceTree = "<group>";
		};
/* End PBXGroup section */

/* Begin PBXHeadersBuildPhase section */
		502F0B3A28E780E8009CE053 /* Headers */ = {
			isa = PBXHeadersBuildPhase;
			buildActionMask = 2147483647;
			files = (
				502F0B4E28E780E8009CE053 /* KituraContracts.h in Headers */,
			);
			runOnlyForDeploymentPostprocessing = 0;
		};
		502F0B8028E78433009CE053 /* Headers */ = {
			isa = PBXHeadersBuildPhase;
			buildActionMask = 2147483647;
			files = (
				502F0B9328E78433009CE053 /* KituraContracts_iOS.h in Headers */,
			);
			runOnlyForDeploymentPostprocessing = 0;
		};
/* End PBXHeadersBuildPhase section */

/* Begin PBXNativeTarget section */
		502F0B3E28E780E8009CE053 /* KituraContracts */ = {
			isa = PBXNativeTarget;
			buildConfigurationList = 502F0B5128E780E8009CE053 /* Build configuration list for PBXNativeTarget "KituraContracts" */;
			buildPhases = (
				502F0B3A28E780E8009CE053 /* Headers */,
				502F0B3B28E780E8009CE053 /* Sources */,
				502F0B3C28E780E8009CE053 /* Frameworks */,
				502F0B3D28E780E8009CE053 /* Resources */,
			);
			buildRules = (
			);
			dependencies = (
			);
			name = KituraContracts;
			packageProductDependencies = (
				502F0B7E28E78339009CE053 /* LoggerAPI */,
			);
			productName = KituraContracts;
			productReference = 502F0B3F28E780E8009CE053 /* KituraContracts.framework */;
			productType = "com.apple.product-type.framework";
		};
		502F0B4628E780E8009CE053 /* KituraContractsTests */ = {
			isa = PBXNativeTarget;
			buildConfigurationList = 502F0B5428E780E8009CE053 /* Build configuration list for PBXNativeTarget "KituraContractsTests" */;
			buildPhases = (
				502F0B4328E780E8009CE053 /* Sources */,
				502F0B4428E780E8009CE053 /* Frameworks */,
				502F0B4528E780E8009CE053 /* Resources */,
			);
			buildRules = (
			);
			dependencies = (
				502F0B4A28E780E8009CE053 /* PBXTargetDependency */,
			);
			name = KituraContractsTests;
			productName = KituraContractsTests;
			productReference = 502F0B4728E780E8009CE053 /* KituraContractsTests.xctest */;
			productType = "com.apple.product-type.bundle.unit-test";
		};
		502F0B8428E78433009CE053 /* KituraContracts-iOS */ = {
			isa = PBXNativeTarget;
			buildConfigurationList = 502F0B9428E78433009CE053 /* Build configuration list for PBXNativeTarget "KituraContracts-iOS" */;
			buildPhases = (
				502F0B8028E78433009CE053 /* Headers */,
				502F0B8128E78433009CE053 /* Sources */,
				502F0B8228E78433009CE053 /* Frameworks */,
				502F0B8328E78433009CE053 /* Resources */,
			);
			buildRules = (
			);
			dependencies = (
			);
			name = "KituraContracts-iOS";
			packageProductDependencies = (
				502F0BAB28E788CF009CE053 /* LoggerAPI */,
			);
			productName = "KituraContracts-iOS";
			productReference = 502F0B8528E78433009CE053 /* KituraContracts.framework */;
			productType = "com.apple.product-type.framework";
		};
		502F0B8B28E78433009CE053 /* KituraContracts-iOSTests */ = {
			isa = PBXNativeTarget;
			buildConfigurationList = 502F0B9728E78433009CE053 /* Build configuration list for PBXNativeTarget "KituraContracts-iOSTests" */;
			buildPhases = (
				502F0B8828E78433009CE053 /* Sources */,
				502F0B8928E78433009CE053 /* Frameworks */,
				502F0B8A28E78433009CE053 /* Resources */,
			);
			buildRules = (
			);
			dependencies = (
				502F0B8F28E78433009CE053 /* PBXTargetDependency */,
			);
			name = "KituraContracts-iOSTests";
			productName = "KituraContracts-iOSTests";
			productReference = 502F0B8C28E78433009CE053 /* KituraContracts-iOSTests.xctest */;
			productType = "com.apple.product-type.bundle.unit-test";
		};
/* End PBXNativeTarget section */

/* Begin PBXProject section */
		502F0B3628E780E8009CE053 /* Project object */ = {
			isa = PBXProject;
			attributes = {
				BuildIndependentTargetsInParallel = 1;
				LastSwiftUpdateCheck = 1410;
				LastUpgradeCheck = 1410;
				TargetAttributes = {
					502F0B3E28E780E8009CE053 = {
						CreatedOnToolsVersion = 14.1;
					};
					502F0B4628E780E8009CE053 = {
						CreatedOnToolsVersion = 14.1;
					};
					502F0B8428E78433009CE053 = {
						CreatedOnToolsVersion = 14.1;
					};
					502F0B8B28E78433009CE053 = {
						CreatedOnToolsVersion = 14.1;
					};
				};
			};
			buildConfigurationList = 502F0B3928E780E8009CE053 /* Build configuration list for PBXProject "KituraContracts" */;
			compatibilityVersion = "Xcode 14.0";
			developmentRegion = en;
			hasScannedForEncodings = 0;
			knownRegions = (
				en,
				Base,
			);
			mainGroup = 502F0B3528E780E8009CE053;
			packageReferences = (
				502F0B7D28E78339009CE053 /* XCRemoteSwiftPackageReference "LoggerAPI" */,
			);
			productRefGroup = 502F0B4028E780E8009CE053 /* Products */;
			projectDirPath = "";
			projectRoot = "";
			targets = (
				502F0B3E28E780E8009CE053 /* KituraContracts */,
				502F0B4628E780E8009CE053 /* KituraContractsTests */,
				502F0B8428E78433009CE053 /* KituraContracts-iOS */,
				502F0B8B28E78433009CE053 /* KituraContracts-iOSTests */,
			);
		};
/* End PBXProject section */

/* Begin PBXResourcesBuildPhase section */
		502F0B3D28E780E8009CE053 /* Resources */ = {
			isa = PBXResourcesBuildPhase;
			buildActionMask = 2147483647;
			files = (
			);
			runOnlyForDeploymentPostprocessing = 0;
		};
		502F0B4528E780E8009CE053 /* Resources */ = {
			isa = PBXResourcesBuildPhase;
			buildActionMask = 2147483647;
			files = (
			);
			runOnlyForDeploymentPostprocessing = 0;
		};
		502F0B8328E78433009CE053 /* Resources */ = {
			isa = PBXResourcesBuildPhase;
			buildActionMask = 2147483647;
			files = (
			);
			runOnlyForDeploymentPostprocessing = 0;
		};
		502F0B8A28E78433009CE053 /* Resources */ = {
			isa = PBXResourcesBuildPhase;
			buildActionMask = 2147483647;
			files = (
			);
			runOnlyForDeploymentPostprocessing = 0;
		};
/* End PBXResourcesBuildPhase section */

/* Begin PBXSourcesBuildPhase section */
		502F0B3B28E780E8009CE053 /* Sources */ = {
			isa = PBXSourcesBuildPhase;
			buildActionMask = 2147483647;
			files = (
				502F0B6528E7811E009CE053 /* QueryDecoder.swift in Sources */,
				502F0B6728E7811E009CE053 /* QueryEncoder.swift in Sources */,
				502F0B6A28E7811E009CE053 /* BodyFormat.swift in Sources */,
				502F0B6328E7811E009CE053 /* ClosureAliases.swift in Sources */,
				502F0B6B28E7811E009CE053 /* BodyEncoder.swift in Sources */,
				502F0B6428E7811E009CE053 /* Extensions.swift in Sources */,
				502F0B6928E7811E009CE053 /* BodyDecoder.swift in Sources */,
				502F0B6628E7811E009CE053 /* Coder.swift in Sources */,
				502F0B6828E7811E009CE053 /* Contracts.swift in Sources */,
			);
			runOnlyForDeploymentPostprocessing = 0;
		};
		502F0B4328E780E8009CE053 /* Sources */ = {
			isa = PBXSourcesBuildPhase;
			buildActionMask = 2147483647;
			files = (
				502F0B7928E78143009CE053 /* QueryCoderTests.swift in Sources */,
				502F0B7B28E78143009CE053 /* KituraContractsTests.swift in Sources */,
				502F0B7828E78143009CE053 /* StringExtensionTests.swift in Sources */,
				502F0B7A28E78143009CE053 /* Models.swift in Sources */,
			);
			runOnlyForDeploymentPostprocessing = 0;
		};
		502F0B8128E78433009CE053 /* Sources */ = {
			isa = PBXSourcesBuildPhase;
			buildActionMask = 2147483647;
			files = (
				502F0B9F28E784EF009CE053 /* Extensions.swift in Sources */,
				502F0BA028E784EF009CE053 /* QueryDecoder.swift in Sources */,
				502F0BA128E784EF009CE053 /* Coder.swift in Sources */,
				502F0BA228E784EF009CE053 /* QueryEncoder.swift in Sources */,
				502F0BA328E784EF009CE053 /* BodyDecoder.swift in Sources */,
				502F0BA428E784EF009CE053 /* BodyFormat.swift in Sources */,
				502F0BA528E784EF009CE053 /* BodyEncoder.swift in Sources */,
				502F0BA628E784EF009CE053 /* ClosureAliases.swift in Sources */,
				502F0BA728E784EF009CE053 /* Contracts.swift in Sources */,
			);
			runOnlyForDeploymentPostprocessing = 0;
		};
		502F0B8828E78433009CE053 /* Sources */ = {
			isa = PBXSourcesBuildPhase;
			buildActionMask = 2147483647;
			files = (
				502F0B9E28E784D7009CE053 /* KituraContractsTests.swift in Sources */,
				502F0B9D28E784D4009CE053 /* Models.swift in Sources */,
				502F0B9C28E784D2009CE053 /* QueryCoderTests.swift in Sources */,
				502F0B9B28E784D0009CE053 /* StringExtensionTests.swift in Sources */,
			);
			runOnlyForDeploymentPostprocessing = 0;
		};
/* End PBXSourcesBuildPhase section */

/* Begin PBXTargetDependency section */
		502F0B4A28E780E8009CE053 /* PBXTargetDependency */ = {
			isa = PBXTargetDependency;
			target = 502F0B3E28E780E8009CE053 /* KituraContracts */;
			targetProxy = 502F0B4928E780E8009CE053 /* PBXContainerItemProxy */;
		};
		502F0B8F28E78433009CE053 /* PBXTargetDependency */ = {
			isa = PBXTargetDependency;
			target = 502F0B8428E78433009CE053 /* KituraContracts-iOS */;
			targetProxy = 502F0B8E28E78433009CE053 /* PBXContainerItemProxy */;
		};
/* End PBXTargetDependency section */

/* Begin XCBuildConfiguration section */
		502F0B4F28E780E8009CE053 /* Debug */ = {
			isa = XCBuildConfiguration;
			buildSettings = {
				ALWAYS_SEARCH_USER_PATHS = NO;
				CLANG_ANALYZER_NONNULL = YES;
				CLANG_ANALYZER_NUMBER_OBJECT_CONVERSION = YES_AGGRESSIVE;
				CLANG_CXX_LANGUAGE_STANDARD = "gnu++20";
				CLANG_ENABLE_MODULES = YES;
				CLANG_ENABLE_OBJC_ARC = YES;
				CLANG_ENABLE_OBJC_WEAK = YES;
				CLANG_WARN_BLOCK_CAPTURE_AUTORELEASING = YES;
				CLANG_WARN_BOOL_CONVERSION = YES;
				CLANG_WARN_COMMA = YES;
				CLANG_WARN_CONSTANT_CONVERSION = YES;
				CLANG_WARN_DEPRECATED_OBJC_IMPLEMENTATIONS = YES;
				CLANG_WARN_DIRECT_OBJC_ISA_USAGE = YES_ERROR;
				CLANG_WARN_DOCUMENTATION_COMMENTS = YES;
				CLANG_WARN_EMPTY_BODY = YES;
				CLANG_WARN_ENUM_CONVERSION = YES;
				CLANG_WARN_INFINITE_RECURSION = YES;
				CLANG_WARN_INT_CONVERSION = YES;
				CLANG_WARN_NON_LITERAL_NULL_CONVERSION = YES;
				CLANG_WARN_OBJC_IMPLICIT_RETAIN_SELF = YES;
				CLANG_WARN_OBJC_LITERAL_CONVERSION = YES;
				CLANG_WARN_OBJC_ROOT_CLASS = YES_ERROR;
				CLANG_WARN_QUOTED_INCLUDE_IN_FRAMEWORK_HEADER = YES;
				CLANG_WARN_RANGE_LOOP_ANALYSIS = YES;
				CLANG_WARN_STRICT_PROTOTYPES = YES;
				CLANG_WARN_SUSPICIOUS_MOVE = YES;
				CLANG_WARN_UNGUARDED_AVAILABILITY = YES_AGGRESSIVE;
				CLANG_WARN_UNREACHABLE_CODE = YES;
				CLANG_WARN__DUPLICATE_METHOD_MATCH = YES;
				COPY_PHASE_STRIP = NO;
				CURRENT_PROJECT_VERSION = 2.0.1;
				DEBUG_INFORMATION_FORMAT = dwarf;
				ENABLE_STRICT_OBJC_MSGSEND = YES;
				ENABLE_TESTABILITY = YES;
				GCC_C_LANGUAGE_STANDARD = gnu11;
				GCC_DYNAMIC_NO_PIC = NO;
				GCC_NO_COMMON_BLOCKS = YES;
				GCC_OPTIMIZATION_LEVEL = 0;
				GCC_PREPROCESSOR_DEFINITIONS = (
					"DEBUG=1",
					"$(inherited)",
				);
				GCC_WARN_64_TO_32_BIT_CONVERSION = YES;
				GCC_WARN_ABOUT_RETURN_TYPE = YES_ERROR;
				GCC_WARN_UNDECLARED_SELECTOR = YES;
				GCC_WARN_UNINITIALIZED_AUTOS = YES_AGGRESSIVE;
				GCC_WARN_UNUSED_FUNCTION = YES;
				GCC_WARN_UNUSED_VARIABLE = YES;
				IPHONEOS_DEPLOYMENT_TARGET = 14.5;
				MACOSX_DEPLOYMENT_TARGET = 11.5;
				MARKETING_VERSION = 2.0.1;
				MTL_ENABLE_DEBUG_INFO = INCLUDE_SOURCE;
				MTL_FAST_MATH = YES;
				ONLY_ACTIVE_ARCH = YES;
				SUPPORTED_PLATFORMS = "macosx tvOS watchOS iOS";
				SWIFT_ACTIVE_COMPILATION_CONDITIONS = DEBUG;
				SWIFT_OPTIMIZATION_LEVEL = "-Onone";
				SWIFT_VERSION = 5.0;
				TVOS_DEPLOYMENT_TARGET = 14.5;
				VERSIONING_SYSTEM = "apple-generic";
				VERSION_INFO_PREFIX = "";
				WATCHOS_DEPLOYMENT_TARGET = 7.5;
			};
			name = Debug;
		};
		502F0B5028E780E8009CE053 /* Release */ = {
			isa = XCBuildConfiguration;
			buildSettings = {
				ALWAYS_SEARCH_USER_PATHS = NO;
				CLANG_ANALYZER_NONNULL = YES;
				CLANG_ANALYZER_NUMBER_OBJECT_CONVERSION = YES_AGGRESSIVE;
				CLANG_CXX_LANGUAGE_STANDARD = "gnu++20";
				CLANG_ENABLE_MODULES = YES;
				CLANG_ENABLE_OBJC_ARC = YES;
				CLANG_ENABLE_OBJC_WEAK = YES;
				CLANG_WARN_BLOCK_CAPTURE_AUTORELEASING = YES;
				CLANG_WARN_BOOL_CONVERSION = YES;
				CLANG_WARN_COMMA = YES;
				CLANG_WARN_CONSTANT_CONVERSION = YES;
				CLANG_WARN_DEPRECATED_OBJC_IMPLEMENTATIONS = YES;
				CLANG_WARN_DIRECT_OBJC_ISA_USAGE = YES_ERROR;
				CLANG_WARN_DOCUMENTATION_COMMENTS = YES;
				CLANG_WARN_EMPTY_BODY = YES;
				CLANG_WARN_ENUM_CONVERSION = YES;
				CLANG_WARN_INFINITE_RECURSION = YES;
				CLANG_WARN_INT_CONVERSION = YES;
				CLANG_WARN_NON_LITERAL_NULL_CONVERSION = YES;
				CLANG_WARN_OBJC_IMPLICIT_RETAIN_SELF = YES;
				CLANG_WARN_OBJC_LITERAL_CONVERSION = YES;
				CLANG_WARN_OBJC_ROOT_CLASS = YES_ERROR;
				CLANG_WARN_QUOTED_INCLUDE_IN_FRAMEWORK_HEADER = YES;
				CLANG_WARN_RANGE_LOOP_ANALYSIS = YES;
				CLANG_WARN_STRICT_PROTOTYPES = YES;
				CLANG_WARN_SUSPICIOUS_MOVE = YES;
				CLANG_WARN_UNGUARDED_AVAILABILITY = YES_AGGRESSIVE;
				CLANG_WARN_UNREACHABLE_CODE = YES;
				CLANG_WARN__DUPLICATE_METHOD_MATCH = YES;
				COPY_PHASE_STRIP = NO;
				CURRENT_PROJECT_VERSION = 2.0.1;
				DEBUG_INFORMATION_FORMAT = "dwarf-with-dsym";
				ENABLE_NS_ASSERTIONS = NO;
				ENABLE_STRICT_OBJC_MSGSEND = YES;
				GCC_C_LANGUAGE_STANDARD = gnu11;
				GCC_NO_COMMON_BLOCKS = YES;
				GCC_WARN_64_TO_32_BIT_CONVERSION = YES;
				GCC_WARN_ABOUT_RETURN_TYPE = YES_ERROR;
				GCC_WARN_UNDECLARED_SELECTOR = YES;
				GCC_WARN_UNINITIALIZED_AUTOS = YES_AGGRESSIVE;
				GCC_WARN_UNUSED_FUNCTION = YES;
				GCC_WARN_UNUSED_VARIABLE = YES;
				IPHONEOS_DEPLOYMENT_TARGET = 14.5;
				MACOSX_DEPLOYMENT_TARGET = 11.5;
				MARKETING_VERSION = 2.0.1;
				MTL_ENABLE_DEBUG_INFO = NO;
				MTL_FAST_MATH = YES;
				SUPPORTED_PLATFORMS = "macosx tvOS watchOS iOS";
				SWIFT_COMPILATION_MODE = wholemodule;
				SWIFT_OPTIMIZATION_LEVEL = "-O";
				SWIFT_VERSION = 5.0;
				TVOS_DEPLOYMENT_TARGET = 14.5;
				VALIDATE_PRODUCT = YES;
				VERSIONING_SYSTEM = "apple-generic";
				VERSION_INFO_PREFIX = "";
				WATCHOS_DEPLOYMENT_TARGET = 7.5;
			};
			name = Release;
		};
		502F0B5228E780E8009CE053 /* Debug */ = {
			isa = XCBuildConfiguration;
			buildSettings = {
				CODE_SIGN_STYLE = Automatic;
				DEFINES_MODULE = YES;
				DYLIB_COMPATIBILITY_VERSION = 1;
				DYLIB_CURRENT_VERSION = 1;
				DYLIB_INSTALL_NAME_BASE = "@rpath";
				INFOPLIST_FILE = KituraContracts/Info.plist;
				INFOPLIST_KEY_NSHumanReadableCopyright = "";
				INSTALL_PATH = "$(LOCAL_LIBRARY_DIR)/Frameworks";
				LD_RUNPATH_SEARCH_PATHS = (
					"$(inherited)",
					"@executable_path/Frameworks",
					"@loader_path/Frameworks",
				);
				MACOSX_DEPLOYMENT_TARGET = 12.4;
				PRODUCT_BUNDLE_IDENTIFIER = KituraContracts;
				PRODUCT_NAME = "$(TARGET_NAME:c99extidentifier)";
				SDKROOT = macosx;
				SKIP_INSTALL = YES;
				SUPPORTED_PLATFORMS = macosx;
				SUPPORTS_MACCATALYST = YES;
				SUPPORTS_MAC_DESIGNED_FOR_IPHONE_IPAD = YES;
				SWIFT_EMIT_LOC_STRINGS = YES;
				TARGETED_DEVICE_FAMILY = "1,2";
			};
			name = Debug;
		};
		502F0B5328E780E8009CE053 /* Release */ = {
			isa = XCBuildConfiguration;
			buildSettings = {
				CODE_SIGN_STYLE = Automatic;
				DEFINES_MODULE = YES;
				DYLIB_COMPATIBILITY_VERSION = 1;
				DYLIB_CURRENT_VERSION = 1;
				DYLIB_INSTALL_NAME_BASE = "@rpath";
				INFOPLIST_FILE = KituraContracts/Info.plist;
				INFOPLIST_KEY_NSHumanReadableCopyright = "";
				INSTALL_PATH = "$(LOCAL_LIBRARY_DIR)/Frameworks";
				LD_RUNPATH_SEARCH_PATHS = (
					"$(inherited)",
					"@executable_path/Frameworks",
					"@loader_path/Frameworks",
				);
				MACOSX_DEPLOYMENT_TARGET = 12.4;
				PRODUCT_BUNDLE_IDENTIFIER = KituraContracts;
				PRODUCT_NAME = "$(TARGET_NAME:c99extidentifier)";
				SDKROOT = macosx;
				SKIP_INSTALL = YES;
				SUPPORTED_PLATFORMS = macosx;
				SUPPORTS_MACCATALYST = YES;
				SUPPORTS_MAC_DESIGNED_FOR_IPHONE_IPAD = YES;
				SWIFT_EMIT_LOC_STRINGS = YES;
				TARGETED_DEVICE_FAMILY = "1,2";
			};
			name = Release;
		};
		502F0B5528E780E8009CE053 /* Debug */ = {
			isa = XCBuildConfiguration;
			buildSettings = {
				ALWAYS_EMBED_SWIFT_STANDARD_LIBRARIES = YES;
				CODE_SIGN_STYLE = Automatic;
				GENERATE_INFOPLIST_FILE = YES;
				MACOSX_DEPLOYMENT_TARGET = 12.4;
				PRODUCT_BUNDLE_IDENTIFIER = KituraContracts.KituraContractsTests;
				PRODUCT_NAME = "$(TARGET_NAME)";
				SWIFT_EMIT_LOC_STRINGS = NO;
				TARGETED_DEVICE_FAMILY = "1,2";
			};
			name = Debug;
		};
		502F0B5628E780E8009CE053 /* Release */ = {
			isa = XCBuildConfiguration;
			buildSettings = {
				ALWAYS_EMBED_SWIFT_STANDARD_LIBRARIES = YES;
				CODE_SIGN_STYLE = Automatic;
				GENERATE_INFOPLIST_FILE = YES;
				MACOSX_DEPLOYMENT_TARGET = 12.4;
				PRODUCT_BUNDLE_IDENTIFIER = KituraContracts.KituraContractsTests;
				PRODUCT_NAME = "$(TARGET_NAME)";
				SWIFT_EMIT_LOC_STRINGS = NO;
				TARGETED_DEVICE_FAMILY = "1,2";
			};
			name = Release;
		};
		502F0B9528E78433009CE053 /* Debug */ = {
			isa = XCBuildConfiguration;
			buildSettings = {
				CODE_SIGN_STYLE = Automatic;
				DEFINES_MODULE = YES;
				DYLIB_COMPATIBILITY_VERSION = 1;
				DYLIB_CURRENT_VERSION = 1;
				DYLIB_INSTALL_NAME_BASE = "@rpath";
				INFOPLIST_FILE = "KituraContracts-iOS/Info.plist";
				INFOPLIST_KEY_NSHumanReadableCopyright = "";
				INSTALL_PATH = "$(LOCAL_LIBRARY_DIR)/Frameworks";
				IPHONEOS_DEPLOYMENT_TARGET = 15.5;
				LD_RUNPATH_SEARCH_PATHS = (
					"$(inherited)",
					"@executable_path/Frameworks",
					"@loader_path/Frameworks",
				);
				PRODUCT_BUNDLE_IDENTIFIER = KituraContracts;
				PRODUCT_NAME = "$(TARGET_NAME:c99extidentifier)";
				SDKROOT = iphoneos;
				SKIP_INSTALL = YES;
				SUPPORTED_PLATFORMS = "iphoneos iphonesimulator";
				SUPPORTS_MACCATALYST = YES;
				SUPPORTS_MAC_DESIGNED_FOR_IPHONE_IPAD = YES;
				SWIFT_EMIT_LOC_STRINGS = YES;
				TARGETED_DEVICE_FAMILY = "1,2";
				TARGET_NAME = KituraContracts;
			};
			name = Debug;
		};
		502F0B9628E78433009CE053 /* Release */ = {
			isa = XCBuildConfiguration;
			buildSettings = {
				CODE_SIGN_STYLE = Automatic;
				DEFINES_MODULE = YES;
				DYLIB_COMPATIBILITY_VERSION = 1;
				DYLIB_CURRENT_VERSION = 1;
				DYLIB_INSTALL_NAME_BASE = "@rpath";
				INFOPLIST_FILE = "KituraContracts-iOS/Info.plist";
				INFOPLIST_KEY_NSHumanReadableCopyright = "";
				INSTALL_PATH = "$(LOCAL_LIBRARY_DIR)/Frameworks";
				IPHONEOS_DEPLOYMENT_TARGET = 15.5;
				LD_RUNPATH_SEARCH_PATHS = (
					"$(inherited)",
					"@executable_path/Frameworks",
					"@loader_path/Frameworks",
				);
				PRODUCT_BUNDLE_IDENTIFIER = KituraContracts;
				PRODUCT_NAME = "$(TARGET_NAME:c99extidentifier)";
				SDKROOT = iphoneos;
				SKIP_INSTALL = YES;
				SUPPORTED_PLATFORMS = "iphoneos iphonesimulator";
				SUPPORTS_MACCATALYST = YES;
				SUPPORTS_MAC_DESIGNED_FOR_IPHONE_IPAD = YES;
				SWIFT_EMIT_LOC_STRINGS = YES;
				TARGETED_DEVICE_FAMILY = "1,2";
				TARGET_NAME = KituraContracts;
			};
			name = Release;
		};
		502F0B9828E78433009CE053 /* Debug */ = {
			isa = XCBuildConfiguration;
			buildSettings = {
				ALWAYS_EMBED_SWIFT_STANDARD_LIBRARIES = YES;
				CODE_SIGN_STYLE = Automatic;
				GENERATE_INFOPLIST_FILE = YES;
				IPHONEOS_DEPLOYMENT_TARGET = 15.5;
				PRODUCT_BUNDLE_IDENTIFIER = "KituraContracts.KituraContracts-iOSTests";
				PRODUCT_NAME = "$(TARGET_NAME)";
				SDKROOT = iphoneos;
				SUPPORTED_PLATFORMS = "iphoneos iphonesimulator";
				SUPPORTS_MACCATALYST = YES;
				SUPPORTS_MAC_DESIGNED_FOR_IPHONE_IPAD = YES;
				SWIFT_EMIT_LOC_STRINGS = NO;
				TARGETED_DEVICE_FAMILY = "1,2";
			};
			name = Debug;
		};
		502F0B9928E78433009CE053 /* Release */ = {
			isa = XCBuildConfiguration;
			buildSettings = {
				ALWAYS_EMBED_SWIFT_STANDARD_LIBRARIES = YES;
				CODE_SIGN_STYLE = Automatic;
				GENERATE_INFOPLIST_FILE = YES;
				IPHONEOS_DEPLOYMENT_TARGET = 15.5;
				PRODUCT_BUNDLE_IDENTIFIER = "KituraContracts.KituraContracts-iOSTests";
				PRODUCT_NAME = "$(TARGET_NAME)";
				SDKROOT = iphoneos;
				SUPPORTED_PLATFORMS = "iphoneos iphonesimulator";
				SUPPORTS_MACCATALYST = YES;
				SUPPORTS_MAC_DESIGNED_FOR_IPHONE_IPAD = YES;
				SWIFT_EMIT_LOC_STRINGS = NO;
				TARGETED_DEVICE_FAMILY = "1,2";
			};
			name = Release;
		};
/* End XCBuildConfiguration section */

/* Begin XCConfigurationList section */
		502F0B3928E780E8009CE053 /* Build configuration list for PBXProject "KituraContracts" */ = {
			isa = XCConfigurationList;
			buildConfigurations = (
				502F0B4F28E780E8009CE053 /* Debug */,
				502F0B5028E780E8009CE053 /* Release */,
			);
			defaultConfigurationIsVisible = 0;
			defaultConfigurationName = Release;
		};
		502F0B5128E780E8009CE053 /* Build configuration list for PBXNativeTarget "KituraContracts" */ = {
			isa = XCConfigurationList;
			buildConfigurations = (
				502F0B5228E780E8009CE053 /* Debug */,
				502F0B5328E780E8009CE053 /* Release */,
			);
			defaultConfigurationIsVisible = 0;
			defaultConfigurationName = Release;
		};
		502F0B5428E780E8009CE053 /* Build configuration list for PBXNativeTarget "KituraContractsTests" */ = {
			isa = XCConfigurationList;
			buildConfigurations = (
				502F0B5528E780E8009CE053 /* Debug */,
				502F0B5628E780E8009CE053 /* Release */,
			);
			defaultConfigurationIsVisible = 0;
			defaultConfigurationName = Release;
		};
		502F0B9428E78433009CE053 /* Build configuration list for PBXNativeTarget "KituraContracts-iOS" */ = {
			isa = XCConfigurationList;
			buildConfigurations = (
				502F0B9528E78433009CE053 /* Debug */,
				502F0B9628E78433009CE053 /* Release */,
			);
			defaultConfigurationIsVisible = 0;
			defaultConfigurationName = Release;
		};
		502F0B9728E78433009CE053 /* Build configuration list for PBXNativeTarget "KituraContracts-iOSTests" */ = {
			isa = XCConfigurationList;
			buildConfigurations = (
				502F0B9828E78433009CE053 /* Debug */,
				502F0B9928E78433009CE053 /* Release */,
			);
			defaultConfigurationIsVisible = 0;
			defaultConfigurationName = Release;
		};
/* End XCConfigurationList section */

/* Begin XCRemoteSwiftPackageReference section */
		502F0B7D28E78339009CE053 /* XCRemoteSwiftPackageReference "LoggerAPI" */ = {
			isa = XCRemoteSwiftPackageReference;
			repositoryURL = "https://github.com/Kitura/LoggerAPI";
			requirement = {
				kind = upToNextMajorVersion;
				minimumVersion = 2.0.0;
			};
		};
/* End XCRemoteSwiftPackageReference section */

/* Begin XCSwiftPackageProductDependency section */
		502F0B7E28E78339009CE053 /* LoggerAPI */ = {
			isa = XCSwiftPackageProductDependency;
			package = 502F0B7D28E78339009CE053 /* XCRemoteSwiftPackageReference "LoggerAPI" */;
			productName = LoggerAPI;
		};
		502F0BAB28E788CF009CE053 /* LoggerAPI */ = {
			isa = XCSwiftPackageProductDependency;
			package = 502F0B7D28E78339009CE053 /* XCRemoteSwiftPackageReference "LoggerAPI" */;
			productName = LoggerAPI;
		};
/* End XCSwiftPackageProductDependency section */
	};
	rootObject = 502F0B3628E780E8009CE053 /* Project object */;
}
